
Microsoft Visual Studio Solution File, Format Version 12.00
# Visual Studio 15
VisualStudioVersion = 15.0.28307.1585
MinimumVisualStudioVersion = 10.0.40219.1
Project("{8BC9CEB8-8B4A-11D0-8D11-00A0C91BC942}") = "SnakeGame", "SnakeGame\SnakeGame.vcxproj", "{5C4EE2D6-7B2B-4C76-9CB8-FC3DABA8DC6F}"
EndProject
Global
	GlobalSection(SolutionConfigurationPlatforms) = preSolution
		Debug|x64 = Debug|x64
		Debug|x86 = Debug|x86
		Release|x64 = Release|x64
		Release|x86 = Release|x86
	EndGlobalSection
	GlobalSection(ProjectConfigurationPlatforms) = postSolution
		{5C4EE2D6-7B2B-4C76-9CB8-FC3DABA8DC6F}.Debug|x64.ActiveCfg = Debug|x64
		{5C4EE2D6-7B2B-4C76-9CB8-FC3DABA8DC6F}.Debug|x64.Build.0 = Debug|x64
		{5C4EE2D6-7B2B-4C76-9CB8-FC3DABA8DC6F}.Debug|x86.ActiveCfg = Debug|Win32
		{5C4EE2D6-7B2B-4C76-9CB8-FC3DABA8DC6F}.Debug|x86.Build.0 = Debug|Win32
		{5C4EE2D6-7B2B-4C76-9CB8-FC3DABA8DC6F}.Release|x64.ActiveCfg = Release|x64
		{5C4EE2D6-7B2B-4C76-9CB8-FC3DABA8DC6F}.Release|x64.Build.0 = Release|x64
		{5C4EE2D6-7B2B-4C76-9CB8-FC3DABA8DC6F}.Release|x86.ActiveCfg = Release|Win32
		{5C4EE2D6-7B2B-4C76-9CB8-FC3DABA8DC6F}.Release|x86.Build.0 = Release|Win32
	EndGlobalSection
	GlobalSection(SolutionProperties) = preSolution
		HideSolutionNode = FALSE
	EndGlobalSection
	GlobalSection(ExtensibilityGlobals) = postSolution
		SolutionGuid = {0B9A11BB-78AF-4CA8-BF05-1E46732AE09F}
	EndGlobalSection
EndGlobal
